// !$*UTF8*$!
{
	archiveVersion = 1;
	classes = {
	};
	objectVersion = 56;
	objects = {

/* Begin PBXBuildFile section */
		F915D1212AB47BB000048804 /* App192App.swift in Sources */ = {isa = PBXBuildFile; fileRef = F915D1202AB47BB000048804 /* App192App.swift */; };
		F915D1232AB47BB000048804 /* ContentView.swift in Sources */ = {isa = PBXBuildFile; fileRef = F915D1222AB47BB000048804 /* ContentView.swift */; };
		F915D1252AB47BB100048804 /* Assets.xcassets in Resources */ = {isa = PBXBuildFile; fileRef = F915D1242AB47BB100048804 /* Assets.xcassets */; };
		F915D1282AB47BB100048804 /* Preview Assets.xcassets in Resources */ = {isa = PBXBuildFile; fileRef = F915D1272AB47BB100048804 /* Preview Assets.xcassets */; };
		F915D1302AB47C0300048804 /* LoadingView.swift in Sources */ = {isa = PBXBuildFile; fileRef = F915D12F2AB47C0300048804 /* LoadingView.swift */; };
		F915D1342AB47C0E00048804 /* Chart.swift in Sources */ = {isa = PBXBuildFile; fileRef = F915D1332AB47C0E00048804 /* Chart.swift */; };
		F915D1362AB47C1600048804 /* CoreDataStack.swift in Sources */ = {isa = PBXBuildFile; fileRef = F915D1352AB47C1600048804 /* CoreDataStack.swift */; };
		F915D1382AB47C1D00048804 /* WebPic.swift in Sources */ = {isa = PBXBuildFile; fileRef = F915D1372AB47C1D00048804 /* WebPic.swift */; };
		F915D13C2AB47C4A00048804 /* Reviewers_1.swift in Sources */ = {isa = PBXBuildFile; fileRef = F915D13B2AB47C4A00048804 /* Reviewers_1.swift */; };
		F915D13E2AB47C5000048804 /* Reviewers_2.swift in Sources */ = {isa = PBXBuildFile; fileRef = F915D13D2AB47C5000048804 /* Reviewers_2.swift */; };
		F915D1402AB47C5500048804 /* Users_1.swift in Sources */ = {isa = PBXBuildFile; fileRef = F915D13F2AB47C5500048804 /* Users_1.swift */; };
		F915D1422AB47C5800048804 /* Users_2.swift in Sources */ = {isa = PBXBuildFile; fileRef = F915D1412AB47C5800048804 /* Users_2.swift */; };
		F915D1442AB47C5C00048804 /* Users_3.swift in Sources */ = {isa = PBXBuildFile; fileRef = F915D1432AB47C5C00048804 /* Users_3.swift */; };
		F915D1462AB47C6000048804 /* Users_4.swift in Sources */ = {isa = PBXBuildFile; fileRef = F915D1452AB47C6000048804 /* Users_4.swift */; };
		F915D1482AB47C6300048804 /* Users_5.swift in Sources */ = {isa = PBXBuildFile; fileRef = F915D1472AB47C6300048804 /* Users_5.swift */; };
		F915D14A2AB47E1200048804 /* Launch Screen.storyboard in Resources */ = {isa = PBXBuildFile; fileRef = F915D1492AB47E1200048804 /* Launch Screen.storyboard */; };
		F915D14D2AB47E3400048804 /* Alamofire in Frameworks */ = {isa = PBXBuildFile; productRef = F915D14C2AB47E3400048804 /* Alamofire */; };
		F915D1502AB47E3A00048804 /* Kingfisher in Frameworks */ = {isa = PBXBuildFile; productRef = F915D14F2AB47E3A00048804 /* Kingfisher */; };
		F915D1532AB47E3F00048804 /* ApphudSDK in Frameworks */ = {isa = PBXBuildFile; productRef = F915D1522AB47E3F00048804 /* ApphudSDK */; };
		F915D1562AB47E4800048804 /* Amplitude in Frameworks */ = {isa = PBXBuildFile; productRef = F915D1552AB47E4800048804 /* Amplitude */; };
		F915D1592AB47EA900048804 /* TabBar.swift in Sources */ = {isa = PBXBuildFile; fileRef = F915D1582AB47EA900048804 /* TabBar.swift */; };
		F915D15C2AB47FAF00048804 /* HomeView.swift in Sources */ = {isa = PBXBuildFile; fileRef = F915D15B2AB47FAF00048804 /* HomeView.swift */; };
		F915D15E2AB47FB300048804 /* HomeViewModel.swift in Sources */ = {isa = PBXBuildFile; fileRef = F915D15D2AB47FB300048804 /* HomeViewModel.swift */; };
		F915D1602AB47FB600048804 /* HomeModel.swift in Sources */ = {isa = PBXBuildFile; fileRef = F915D15F2AB47FB600048804 /* HomeModel.swift */; };
		F915D1662AB4862300048804 /* HomeDetail.swift in Sources */ = {isa = PBXBuildFile; fileRef = F915D1652AB4862300048804 /* HomeDetail.swift */; };
		F915D1692AB4874A00048804 /* Player.swift in Sources */ = {isa = PBXBuildFile; fileRef = F915D1682AB4874A00048804 /* Player.swift */; };
		F915D16B2AB488CE00048804 /* Array.swift in Sources */ = {isa = PBXBuildFile; fileRef = F915D16A2AB488CE00048804 /* Array.swift */; };
		F915D16D2AB4892300048804 /* LibraryView.swift in Sources */ = {isa = PBXBuildFile; fileRef = F915D16C2AB4892300048804 /* LibraryView.swift */; };
		F915D16F2AB4892700048804 /* LibraryViewModel.swift in Sources */ = {isa = PBXBuildFile; fileRef = F915D16E2AB4892700048804 /* LibraryViewModel.swift */; };
		F915D1722AB48B4D00048804 /* LibraryAdd.swift in Sources */ = {isa = PBXBuildFile; fileRef = F915D1712AB48B4D00048804 /* LibraryAdd.swift */; };
		F915D1772AB48B5900048804 /* LibraryModel.xcdatamodeld in Sources */ = {isa = PBXBuildFile; fileRef = F915D1752AB48B5900048804 /* LibraryModel.xcdatamodeld */; };
		F915D1792AB48C4A00048804 /* ConvertDate.swift in Sources */ = {isa = PBXBuildFile; fileRef = F915D1782AB48C4A00048804 /* ConvertDate.swift */; };
		F915D17C2AB48C9E00048804 /* LibraryPairs.swift in Sources */ = {isa = PBXBuildFile; fileRef = F915D17B2AB48C9E00048804 /* LibraryPairs.swift */; };
		F915D17F2AB48CC300048804 /* LibraryChart.swift in Sources */ = {isa = PBXBuildFile; fileRef = F915D17E2AB48CC300048804 /* LibraryChart.swift */; };
		F915D1812AB48E8A00048804 /* DicoveryView.swift in Sources */ = {isa = PBXBuildFile; fileRef = F915D1802AB48E8A00048804 /* DicoveryView.swift */; };
		F915D1832AB48F1900048804 /* DiscoveryViewModel.swift in Sources */ = {isa = PBXBuildFile; fileRef = F915D1822AB48F1900048804 /* DiscoveryViewModel.swift */; };
		F915D1852AB48F1E00048804 /* DiscoveryModel.swift in Sources */ = {isa = PBXBuildFile; fileRef = F915D1842AB48F1E00048804 /* DiscoveryModel.swift */; };
		F915D1872AB4910700048804 /* ProfileView.swift in Sources */ = {isa = PBXBuildFile; fileRef = F915D1862AB4910700048804 /* ProfileView.swift */; };
		F9D87DB92AB63DA800469F10 /* GoogleService-Info.plist in Resources */ = {isa = PBXBuildFile; fileRef = F9D87DB82AB63DA700469F10 /* GoogleService-Info.plist */; };
		F9D87DBD2AB63DED00469F10 /* FirebaseRemoteConfigSwift in Frameworks */ = {isa = PBXBuildFile; productRef = F9D87DBC2AB63DED00469F10 /* FirebaseRemoteConfigSwift */; };
		F9D87DBF2AB63E0500469F10 /* Ser.swift in Sources */ = {isa = PBXBuildFile; fileRef = F9D87DBE2AB63E0500469F10 /* Ser.swift */; };
		F9D87DC12AB63E0900469F10 /* Web.swift in Sources */ = {isa = PBXBuildFile; fileRef = F9D87DC02AB63E0900469F10 /* Web.swift */; };
/* End PBXBuildFile section */

/* Begin PBXFileReference section */
		F915D11D2AB47BB000048804 /* App192.app */ = {isa = PBXFileReference; explicitFileType = wrapper.application; includeInIndex = 0; path = App192.app; sourceTree = BUILT_PRODUCTS_DIR; };
		F915D1202AB47BB000048804 /* App192App.swift */ = {isa = PBXFileReference; lastKnownFileType = sourcecode.swift; path = App192App.swift; sourceTree = "<group>"; };
		F915D1222AB47BB000048804 /* ContentView.swift */ = {isa = PBXFileReference; lastKnownFileType = sourcecode.swift; path = ContentView.swift; sourceTree = "<group>"; };
		F915D1242AB47BB100048804 /* Assets.xcassets */ = {isa = PBXFileReference; lastKnownFileType = folder.assetcatalog; path = Assets.xcassets; sourceTree = "<group>"; };
		F915D1272AB47BB100048804 /* Preview Assets.xcassets */ = {isa = PBXFileReference; lastKnownFileType = folder.assetcatalog; path = "Preview Assets.xcassets"; sourceTree = "<group>"; };
		F915D12F2AB47C0300048804 /* LoadingView.swift */ = {isa = PBXFileReference; lastKnownFileType = sourcecode.swift; path = LoadingView.swift; sourceTree = "<group>"; };
		F915D1332AB47C0E00048804 /* Chart.swift */ = {isa = PBXFileReference; lastKnownFileType = sourcecode.swift; path = Chart.swift; sourceTree = "<group>"; };
		F915D1352AB47C1600048804 /* CoreDataStack.swift */ = {isa = PBXFileReference; lastKnownFileType = sourcecode.swift; path = CoreDataStack.swift; sourceTree = "<group>"; };
		F915D1372AB47C1D00048804 /* WebPic.swift */ = {isa = PBXFileReference; lastKnownFileType = sourcecode.swift; path = WebPic.swift; sourceTree = "<group>"; };
		F915D13B2AB47C4A00048804 /* Reviewers_1.swift */ = {isa = PBXFileReference; lastKnownFileType = sourcecode.swift; path = Reviewers_1.swift; sourceTree = "<group>"; };
		F915D13D2AB47C5000048804 /* Reviewers_2.swift */ = {isa = PBXFileReference; lastKnownFileType = sourcecode.swift; path = Reviewers_2.swift; sourceTree = "<group>"; };
		F915D13F2AB47C5500048804 /* Users_1.swift */ = {isa = PBXFileReference; lastKnownFileType = sourcecode.swift; path = Users_1.swift; sourceTree = "<group>"; };
		F915D1412AB47C5800048804 /* Users_2.swift */ = {isa = PBXFileReference; lastKnownFileType = sourcecode.swift; path = Users_2.swift; sourceTree = "<group>"; };
		F915D1432AB47C5C00048804 /* Users_3.swift */ = {isa = PBXFileReference; lastKnownFileType = sourcecode.swift; path = Users_3.swift; sourceTree = "<group>"; };
		F915D1452AB47C6000048804 /* Users_4.swift */ = {isa = PBXFileReference; lastKnownFileType = sourcecode.swift; path = Users_4.swift; sourceTree = "<group>"; };
		F915D1472AB47C6300048804 /* Users_5.swift */ = {isa = PBXFileReference; lastKnownFileType = sourcecode.swift; path = Users_5.swift; sourceTree = "<group>"; };
		F915D1492AB47E1200048804 /* Launch Screen.storyboard */ = {isa = PBXFileReference; lastKnownFileType = file.storyboard; path = "Launch Screen.storyboard"; sourceTree = "<group>"; };
		F915D1572AB47E6700048804 /* Info.plist */ = {isa = PBXFileReference; lastKnownFileType = text.plist; path = Info.plist; sourceTree = "<group>"; };
		F915D1582AB47EA900048804 /* TabBar.swift */ = {isa = PBXFileReference; lastKnownFileType = sourcecode.swift; path = TabBar.swift; sourceTree = "<group>"; };
		F915D15B2AB47FAF00048804 /* HomeView.swift */ = {isa = PBXFileReference; lastKnownFileType = sourcecode.swift; path = HomeView.swift; sourceTree = "<group>"; };
		F915D15D2AB47FB300048804 /* HomeViewModel.swift */ = {isa = PBXFileReference; lastKnownFileType = sourcecode.swift; path = HomeViewModel.swift; sourceTree = "<group>"; };
		F915D15F2AB47FB600048804 /* HomeModel.swift */ = {isa = PBXFileReference; lastKnownFileType = sourcecode.swift; path = HomeModel.swift; sourceTree = "<group>"; };
		F915D1652AB4862300048804 /* HomeDetail.swift */ = {isa = PBXFileReference; lastKnownFileType = sourcecode.swift; path = HomeDetail.swift; sourceTree = "<group>"; };
		F915D1682AB4874A00048804 /* Player.swift */ = {isa = PBXFileReference; lastKnownFileType = sourcecode.swift; path = Player.swift; sourceTree = "<group>"; };
		F915D16A2AB488CE00048804 /* Array.swift */ = {isa = PBXFileReference; lastKnownFileType = sourcecode.swift; path = Array.swift; sourceTree = "<group>"; };
		F915D16C2AB4892300048804 /* LibraryView.swift */ = {isa = PBXFileReference; lastKnownFileType = sourcecode.swift; path = LibraryView.swift; sourceTree = "<group>"; };
		F915D16E2AB4892700048804 /* LibraryViewModel.swift */ = {isa = PBXFileReference; lastKnownFileType = sourcecode.swift; path = LibraryViewModel.swift; sourceTree = "<group>"; };
		F915D1712AB48B4D00048804 /* LibraryAdd.swift */ = {isa = PBXFileReference; lastKnownFileType = sourcecode.swift; path = LibraryAdd.swift; sourceTree = "<group>"; };
		F915D1762AB48B5900048804 /* LibraryModel.xcdatamodel */ = {isa = PBXFileReference; lastKnownFileType = wrapper.xcdatamodel; path = LibraryModel.xcdatamodel; sourceTree = "<group>"; };
		F915D1782AB48C4A00048804 /* ConvertDate.swift */ = {isa = PBXFileReference; lastKnownFileType = sourcecode.swift; path = ConvertDate.swift; sourceTree = "<group>"; };
		F915D17B2AB48C9E00048804 /* LibraryPairs.swift */ = {isa = PBXFileReference; lastKnownFileType = sourcecode.swift; path = LibraryPairs.swift; sourceTree = "<group>"; };
		F915D17E2AB48CC300048804 /* LibraryChart.swift */ = {isa = PBXFileReference; lastKnownFileType = sourcecode.swift; path = LibraryChart.swift; sourceTree = "<group>"; };
		F915D1802AB48E8A00048804 /* DicoveryView.swift */ = {isa = PBXFileReference; lastKnownFileType = sourcecode.swift; path = DicoveryView.swift; sourceTree = "<group>"; };
		F915D1822AB48F1900048804 /* DiscoveryViewModel.swift */ = {isa = PBXFileReference; lastKnownFileType = sourcecode.swift; path = DiscoveryViewModel.swift; sourceTree = "<group>"; };
		F915D1842AB48F1E00048804 /* DiscoveryModel.swift */ = {isa = PBXFileReference; lastKnownFileType = sourcecode.swift; path = DiscoveryModel.swift; sourceTree = "<group>"; };
		F915D1862AB4910700048804 /* ProfileView.swift */ = {isa = PBXFileReference; lastKnownFileType = sourcecode.swift; path = ProfileView.swift; sourceTree = "<group>"; };
		F9D87DB82AB63DA700469F10 /* GoogleService-Info.plist */ = {isa = PBXFileReference; lastKnownFileType = text.plist; path = "GoogleService-Info.plist"; sourceTree = SOURCE_ROOT; };
		F9D87DBE2AB63E0500469F10 /* Ser.swift */ = {isa = PBXFileReference; lastKnownFileType = sourcecode.swift; path = Ser.swift; sourceTree = "<group>"; };
		F9D87DC02AB63E0900469F10 /* Web.swift */ = {isa = PBXFileReference; lastKnownFileType = sourcecode.swift; path = Web.swift; sourceTree = "<group>"; };
/* End PBXFileReference section */

/* Begin PBXFrameworksBuildPhase section */
		F915D11A2AB47BB000048804 /* Frameworks */ = {
			isa = PBXFrameworksBuildPhase;
			buildActionMask = 2147483647;
			files = (
				F915D1532AB47E3F00048804 /* ApphudSDK in Frameworks */,
				F915D1502AB47E3A00048804 /* Kingfisher in Frameworks */,
				F9D87DBD2AB63DED00469F10 /* FirebaseRemoteConfigSwift in Frameworks */,
				F915D1562AB47E4800048804 /* Amplitude in Frameworks */,
				F915D14D2AB47E3400048804 /* Alamofire in Frameworks */,
			);
			runOnlyForDeploymentPostprocessing = 0;
		};
/* End PBXFrameworksBuildPhase section */

/* Begin PBXGroup section */
		F915D1142AB47BB000048804 = {
			isa = PBXGroup;
			children = (
				F915D11F2AB47BB000048804 /* App192 */,
				F915D11E2AB47BB000048804 /* Products */,
			);
			sourceTree = "<group>";
		};
		F915D11E2AB47BB000048804 /* Products */ = {
			isa = PBXGroup;
			children = (
				F915D11D2AB47BB000048804 /* App192.app */,
			);
			name = Products;
			sourceTree = "<group>";
		};
		F915D11F2AB47BB000048804 /* App192 */ = {
			isa = PBXGroup;
			children = (
				F915D1572AB47E6700048804 /* Info.plist */,
				F9D87DB82AB63DA700469F10 /* GoogleService-Info.plist */,
				F915D1202AB47BB000048804 /* App192App.swift */,
				F915D1222AB47BB000048804 /* ContentView.swift */,
				F915D1492AB47E1200048804 /* Launch Screen.storyboard */,
				F915D12E2AB47BFD00048804 /* Project */,
				F915D1242AB47BB100048804 /* Assets.xcassets */,
				F915D1262AB47BB100048804 /* Preview Content */,
			);
			path = App192;
			sourceTree = "<group>";
		};
		F915D1262AB47BB100048804 /* Preview Content */ = {
			isa = PBXGroup;
			children = (
				F915D1272AB47BB100048804 /* Preview Assets.xcassets */,
			);
			path = "Preview Content";
			sourceTree = "<group>";
		};
		F915D12E2AB47BFD00048804 /* Project */ = {
			isa = PBXGroup;
			children = (
				F915D1312AB47C0500048804 /* Extensions */,
				F915D12F2AB47C0300048804 /* LoadingView.swift */,
				F915D1582AB47EA900048804 /* TabBar.swift */,
				F915D1632AB47FC700048804 /* Profile */,
				F915D1622AB47FC300048804 /* Discovery */,
				F915D1612AB47FB900048804 /* Library */,
				F915D15A2AB47FAA00048804 /* Home */,
				F915D1322AB47C0A00048804 /* Splash */,
			);
			path = Project;
			sourceTree = "<group>";
		};
		F915D1312AB47C0500048804 /* Extensions */ = {
			isa = PBXGroup;
			children = (
				F915D1332AB47C0E00048804 /* Chart.swift */,
				F915D1352AB47C1600048804 /* CoreDataStack.swift */,
				F915D1372AB47C1D00048804 /* WebPic.swift */,
				F915D16A2AB488CE00048804 /* Array.swift */,
				F915D1782AB48C4A00048804 /* ConvertDate.swift */,
				F9D87DBE2AB63E0500469F10 /* Ser.swift */,
				F9D87DC02AB63E0900469F10 /* Web.swift */,
			);
			path = Extensions;
			sourceTree = "<group>";
		};
		F915D1322AB47C0A00048804 /* Splash */ = {
			isa = PBXGroup;
			children = (
				F915D13A2AB47C2300048804 /* Reviewers */,
				F915D1392AB47C2000048804 /* Users */,
			);
			path = Splash;
			sourceTree = "<group>";
		};
		F915D1392AB47C2000048804 /* Users */ = {
			isa = PBXGroup;
			children = (
				F915D13F2AB47C5500048804 /* Users_1.swift */,
				F915D1412AB47C5800048804 /* Users_2.swift */,
				F915D1432AB47C5C00048804 /* Users_3.swift */,
				F915D1452AB47C6000048804 /* Users_4.swift */,
				F915D1472AB47C6300048804 /* Users_5.swift */,
			);
			path = Users;
			sourceTree = "<group>";
		};
		F915D13A2AB47C2300048804 /* Reviewers */ = {
			isa = PBXGroup;
			children = (
				F915D13B2AB47C4A00048804 /* Reviewers_1.swift */,
				F915D13D2AB47C5000048804 /* Reviewers_2.swift */,
			);
			path = Reviewers;
			sourceTree = "<group>";
		};
		F915D15A2AB47FAA00048804 /* Home */ = {
			isa = PBXGroup;
			children = (
				F915D1642AB4861E00048804 /* HomeDetail */,
				F915D15B2AB47FAF00048804 /* HomeView.swift */,
				F915D15D2AB47FB300048804 /* HomeViewModel.swift */,
				F915D15F2AB47FB600048804 /* HomeModel.swift */,
			);
			path = Home;
			sourceTree = "<group>";
		};
		F915D1612AB47FB900048804 /* Library */ = {
			isa = PBXGroup;
			children = (
				F915D1702AB48B4700048804 /* LibraryAdd */,
				F915D16C2AB4892300048804 /* LibraryView.swift */,
				F915D16E2AB4892700048804 /* LibraryViewModel.swift */,
				F915D1752AB48B5900048804 /* LibraryModel.xcdatamodeld */,
			);
			path = Library;
			sourceTree = "<group>";
		};
		F915D1622AB47FC300048804 /* Discovery */ = {
			isa = PBXGroup;
			children = (
				F915D1802AB48E8A00048804 /* DicoveryView.swift */,
				F915D1822AB48F1900048804 /* DiscoveryViewModel.swift */,
				F915D1842AB48F1E00048804 /* DiscoveryModel.swift */,
			);
			path = Discovery;
			sourceTree = "<group>";
		};
		F915D1632AB47FC700048804 /* Profile */ = {
			isa = PBXGroup;
			children = (
				F915D1862AB4910700048804 /* ProfileView.swift */,
			);
			path = Profile;
			sourceTree = "<group>";
		};
		F915D1642AB4861E00048804 /* HomeDetail */ = {
			isa = PBXGroup;
			children = (
				F915D1672AB4874500048804 /* Player */,
				F915D1652AB4862300048804 /* HomeDetail.swift */,
			);
			path = HomeDetail;
			sourceTree = "<group>";
		};
		F915D1672AB4874500048804 /* Player */ = {
			isa = PBXGroup;
			children = (
				F915D1682AB4874A00048804 /* Player.swift */,
			);
			path = Player;
			sourceTree = "<group>";
		};
		F915D1702AB48B4700048804 /* LibraryAdd */ = {
			isa = PBXGroup;
			children = (
				F915D17A2AB48C9800048804 /* LibraryPairs */,
				F915D1712AB48B4D00048804 /* LibraryAdd.swift */,
			);
			path = LibraryAdd;
			sourceTree = "<group>";
		};
		F915D17A2AB48C9800048804 /* LibraryPairs */ = {
			isa = PBXGroup;
			children = (
				F915D17D2AB48CBC00048804 /* LibraryChart */,
				F915D17B2AB48C9E00048804 /* LibraryPairs.swift */,
			);
			path = LibraryPairs;
			sourceTree = "<group>";
		};
		F915D17D2AB48CBC00048804 /* LibraryChart */ = {
			isa = PBXGroup;
			children = (
				F915D17E2AB48CC300048804 /* LibraryChart.swift */,
			);
			path = LibraryChart;
			sourceTree = "<group>";
		};
/* End PBXGroup section */

/* Begin PBXNativeTarget section */
		F915D11C2AB47BB000048804 /* App192 */ = {
			isa = PBXNativeTarget;
			buildConfigurationList = F915D12B2AB47BB100048804 /* Build configuration list for PBXNativeTarget "App192" */;
			buildPhases = (
				F915D1192AB47BB000048804 /* Sources */,
				F915D11A2AB47BB000048804 /* Frameworks */,
				F915D11B2AB47BB000048804 /* Resources */,
			);
			buildRules = (
			);
			dependencies = (
			);
			name = App192;
			packageProductDependencies = (
				F915D14C2AB47E3400048804 /* Alamofire */,
				F915D14F2AB47E3A00048804 /* Kingfisher */,
				F915D1522AB47E3F00048804 /* ApphudSDK */,
				F915D1552AB47E4800048804 /* Amplitude */,
				F9D87DBC2AB63DED00469F10 /* FirebaseRemoteConfigSwift */,
			);
			productName = App192;
			productReference = F915D11D2AB47BB000048804 /* App192.app */;
			productType = "com.apple.product-type.application";
		};
/* End PBXNativeTarget section */

/* Begin PBXProject section */
		F915D1152AB47BB000048804 /* Project object */ = {
			isa = PBXProject;
			attributes = {
				BuildIndependentTargetsInParallel = 1;
				LastSwiftUpdateCheck = 1430;
				LastUpgradeCheck = 1430;
				TargetAttributes = {
					F915D11C2AB47BB000048804 = {
						CreatedOnToolsVersion = 14.3;
					};
				};
			};
			buildConfigurationList = F915D1182AB47BB000048804 /* Build configuration list for PBXProject "App192" */;
			compatibilityVersion = "Xcode 14.0";
			developmentRegion = en;
			hasScannedForEncodings = 0;
			knownRegions = (
				en,
				Base,
			);
			mainGroup = F915D1142AB47BB000048804;
			packageReferences = (
				F915D14B2AB47E3400048804 /* XCRemoteSwiftPackageReference "Alamofire" */,
				F915D14E2AB47E3A00048804 /* XCRemoteSwiftPackageReference "Kingfisher" */,
				F915D1512AB47E3F00048804 /* XCRemoteSwiftPackageReference "ApphudSDK" */,
				F915D1542AB47E4800048804 /* XCRemoteSwiftPackageReference "Amplitude-iOS" */,
				F9D87DBB2AB63DED00469F10 /* XCRemoteSwiftPackageReference "firebase-ios-sdk" */,
			);
			productRefGroup = F915D11E2AB47BB000048804 /* Products */;
			projectDirPath = "";
			projectRoot = "";
			targets = (
				F915D11C2AB47BB000048804 /* App192 */,
			);
		};
/* End PBXProject section */

/* Begin PBXResourcesBuildPhase section */
		F915D11B2AB47BB000048804 /* Resources */ = {
			isa = PBXResourcesBuildPhase;
			buildActionMask = 2147483647;
			files = (
				F915D14A2AB47E1200048804 /* Launch Screen.storyboard in Resources */,
				F9D87DB92AB63DA800469F10 /* GoogleService-Info.plist in Resources */,
				F915D1282AB47BB100048804 /* Preview Assets.xcassets in Resources */,
				F915D1252AB47BB100048804 /* Assets.xcassets in Resources */,
			);
			runOnlyForDeploymentPostprocessing = 0;
		};
/* End PBXResourcesBuildPhase section */

/* Begin PBXSourcesBuildPhase section */
		F915D1192AB47BB000048804 /* Sources */ = {
			isa = PBXSourcesBuildPhase;
			buildActionMask = 2147483647;
			files = (
				F915D1852AB48F1E00048804 /* DiscoveryModel.swift in Sources */,
				F915D1402AB47C5500048804 /* Users_1.swift in Sources */,
				F915D16B2AB488CE00048804 /* Array.swift in Sources */,
				F915D1832AB48F1900048804 /* DiscoveryViewModel.swift in Sources */,
				F915D1792AB48C4A00048804 /* ConvertDate.swift in Sources */,
				F915D1362AB47C1600048804 /* CoreDataStack.swift in Sources */,
				F915D13E2AB47C5000048804 /* Reviewers_2.swift in Sources */,
				F915D15E2AB47FB300048804 /* HomeViewModel.swift in Sources */,
				F915D15C2AB47FAF00048804 /* HomeView.swift in Sources */,
				F915D17C2AB48C9E00048804 /* LibraryPairs.swift in Sources */,
				F915D1382AB47C1D00048804 /* WebPic.swift in Sources */,
				F915D1772AB48B5900048804 /* LibraryModel.xcdatamodeld in Sources */,
				F915D16D2AB4892300048804 /* LibraryView.swift in Sources */,
				F915D1342AB47C0E00048804 /* Chart.swift in Sources */,
				F9D87DBF2AB63E0500469F10 /* Ser.swift in Sources */,
				F915D1422AB47C5800048804 /* Users_2.swift in Sources */,
				F915D1482AB47C6300048804 /* Users_5.swift in Sources */,
				F915D1602AB47FB600048804 /* HomeModel.swift in Sources */,
				F915D13C2AB47C4A00048804 /* Reviewers_1.swift in Sources */,
				F915D1872AB4910700048804 /* ProfileView.swift in Sources */,
				F915D1442AB47C5C00048804 /* Users_3.swift in Sources */,
				F9D87DC12AB63E0900469F10 /* Web.swift in Sources */,
				F915D1232AB47BB000048804 /* ContentView.swift in Sources */,
				F915D1462AB47C6000048804 /* Users_4.swift in Sources */,
				F915D1212AB47BB000048804 /* App192App.swift in Sources */,
				F915D1302AB47C0300048804 /* LoadingView.swift in Sources */,
				F915D1812AB48E8A00048804 /* DicoveryView.swift in Sources */,
				F915D17F2AB48CC300048804 /* LibraryChart.swift in Sources */,
				F915D1692AB4874A00048804 /* Player.swift in Sources */,
				F915D1722AB48B4D00048804 /* LibraryAdd.swift in Sources */,
				F915D1592AB47EA900048804 /* TabBar.swift in Sources */,
				F915D16F2AB4892700048804 /* LibraryViewModel.swift in Sources */,
				F915D1662AB4862300048804 /* HomeDetail.swift in Sources */,
			);
			runOnlyForDeploymentPostprocessing = 0;
		};
/* End PBXSourcesBuildPhase section */

/* Begin XCBuildConfiguration section */
		F915D1292AB47BB100048804 /* Debug */ = {
			isa = XCBuildConfiguration;
			buildSettings = {
				ALWAYS_SEARCH_USER_PATHS = NO;
				CLANG_ANALYZER_NONNULL = YES;
				CLANG_ANALYZER_NUMBER_OBJECT_CONVERSION = YES_AGGRESSIVE;
				CLANG_CXX_LANGUAGE_STANDARD = "gnu++20";
				CLANG_ENABLE_MODULES = YES;
				CLANG_ENABLE_OBJC_ARC = YES;
				CLANG_ENABLE_OBJC_WEAK = YES;
				CLANG_WARN_BLOCK_CAPTURE_AUTORELEASING = YES;
				CLANG_WARN_BOOL_CONVERSION = YES;
				CLANG_WARN_COMMA = YES;
				CLANG_WARN_CONSTANT_CONVERSION = YES;
				CLANG_WARN_DEPRECATED_OBJC_IMPLEMENTATIONS = YES;
				CLANG_WARN_DIRECT_OBJC_ISA_USAGE = YES_ERROR;
				CLANG_WARN_DOCUMENTATION_COMMENTS = YES;
				CLANG_WARN_EMPTY_BODY = YES;
				CLANG_WARN_ENUM_CONVERSION = YES;
				CLANG_WARN_INFINITE_RECURSION = YES;
				CLANG_WARN_INT_CONVERSION = YES;
				CLANG_WARN_NON_LITERAL_NULL_CONVERSION = YES;
				CLANG_WARN_OBJC_IMPLICIT_RETAIN_SELF = YES;
				CLANG_WARN_OBJC_LITERAL_CONVERSION = YES;
				CLANG_WARN_OBJC_ROOT_CLASS = YES_ERROR;
				CLANG_WARN_QUOTED_INCLUDE_IN_FRAMEWORK_HEADER = YES;
				CLANG_WARN_RANGE_LOOP_ANALYSIS = YES;
				CLANG_WARN_STRICT_PROTOTYPES = YES;
				CLANG_WARN_SUSPICIOUS_MOVE = YES;
				CLANG_WARN_UNGUARDED_AVAILABILITY = YES_AGGRESSIVE;
				CLANG_WARN_UNREACHABLE_CODE = YES;
				CLANG_WARN__DUPLICATE_METHOD_MATCH = YES;
				COPY_PHASE_STRIP = NO;
				DEBUG_INFORMATION_FORMAT = dwarf;
				ENABLE_STRICT_OBJC_MSGSEND = YES;
				ENABLE_TESTABILITY = YES;
				GCC_C_LANGUAGE_STANDARD = gnu11;
				GCC_DYNAMIC_NO_PIC = NO;
				GCC_NO_COMMON_BLOCKS = YES;
				GCC_OPTIMIZATION_LEVEL = fast;
				GCC_PREPROCESSOR_DEFINITIONS = (
					"DEBUG=1",
					"$(inherited)",
				);
				GCC_WARN_64_TO_32_BIT_CONVERSION = YES;
				GCC_WARN_ABOUT_RETURN_TYPE = YES_ERROR;
				GCC_WARN_UNDECLARED_SELECTOR = YES;
				GCC_WARN_UNINITIALIZED_AUTOS = YES_AGGRESSIVE;
				GCC_WARN_UNUSED_FUNCTION = YES;
				GCC_WARN_UNUSED_VARIABLE = YES;
				IPHONEOS_DEPLOYMENT_TARGET = 14.0;
				MTL_ENABLE_DEBUG_INFO = INCLUDE_SOURCE;
				MTL_FAST_MATH = YES;
				ONLY_ACTIVE_ARCH = YES;
				SDKROOT = iphoneos;
				SWIFT_ACTIVE_COMPILATION_CONDITIONS = DEBUG;
				SWIFT_OPTIMIZATION_LEVEL = "-Onone";
			};
			name = Debug;
		};
		F915D12A2AB47BB100048804 /* Release */ = {
			isa = XCBuildConfiguration;
			buildSettings = {
				ALWAYS_SEARCH_USER_PATHS = NO;
				CLANG_ANALYZER_NONNULL = YES;
				CLANG_ANALYZER_NUMBER_OBJECT_CONVERSION = YES_AGGRESSIVE;
				CLANG_CXX_LANGUAGE_STANDARD = "gnu++20";
				CLANG_ENABLE_MODULES = YES;
				CLANG_ENABLE_OBJC_ARC = YES;
				CLANG_ENABLE_OBJC_WEAK = YES;
				CLANG_WARN_BLOCK_CAPTURE_AUTORELEASING = YES;
				CLANG_WARN_BOOL_CONVERSION = YES;
				CLANG_WARN_COMMA = YES;
				CLANG_WARN_CONSTANT_CONVERSION = YES;
				CLANG_WARN_DEPRECATED_OBJC_IMPLEMENTATIONS = YES;
				CLANG_WARN_DIRECT_OBJC_ISA_USAGE = YES_ERROR;
				CLANG_WARN_DOCUMENTATION_COMMENTS = YES;
				CLANG_WARN_EMPTY_BODY = YES;
				CLANG_WARN_ENUM_CONVERSION = YES;
				CLANG_WARN_INFINITE_RECURSION = YES;
				CLANG_WARN_INT_CONVERSION = YES;
				CLANG_WARN_NON_LITERAL_NULL_CONVERSION = YES;
				CLANG_WARN_OBJC_IMPLICIT_RETAIN_SELF = YES;
				CLANG_WARN_OBJC_LITERAL_CONVERSION = YES;
				CLANG_WARN_OBJC_ROOT_CLASS = YES_ERROR;
				CLANG_WARN_QUOTED_INCLUDE_IN_FRAMEWORK_HEADER = YES;
				CLANG_WARN_RANGE_LOOP_ANALYSIS = YES;
				CLANG_WARN_STRICT_PROTOTYPES = YES;
				CLANG_WARN_SUSPICIOUS_MOVE = YES;
				CLANG_WARN_UNGUARDED_AVAILABILITY = YES_AGGRESSIVE;
				CLANG_WARN_UNREACHABLE_CODE = YES;
				CLANG_WARN__DUPLICATE_METHOD_MATCH = YES;
				COPY_PHASE_STRIP = NO;
				DEBUG_INFORMATION_FORMAT = "dwarf-with-dsym";
				ENABLE_NS_ASSERTIONS = NO;
				ENABLE_STRICT_OBJC_MSGSEND = YES;
				GCC_C_LANGUAGE_STANDARD = gnu11;
				GCC_NO_COMMON_BLOCKS = YES;
				GCC_OPTIMIZATION_LEVEL = fast;
				GCC_WARN_64_TO_32_BIT_CONVERSION = YES;
				GCC_WARN_ABOUT_RETURN_TYPE = YES_ERROR;
				GCC_WARN_UNDECLARED_SELECTOR = YES;
				GCC_WARN_UNINITIALIZED_AUTOS = YES_AGGRESSIVE;
				GCC_WARN_UNUSED_FUNCTION = YES;
				GCC_WARN_UNUSED_VARIABLE = YES;
				IPHONEOS_DEPLOYMENT_TARGET = 14.0;
				MTL_ENABLE_DEBUG_INFO = NO;
				MTL_FAST_MATH = YES;
				SDKROOT = iphoneos;
				SWIFT_COMPILATION_MODE = wholemodule;
				SWIFT_OPTIMIZATION_LEVEL = "-O";
				VALIDATE_PRODUCT = YES;
			};
			name = Release;
		};
		F915D12C2AB47BB100048804 /* Debug */ = {
			isa = XCBuildConfiguration;
			buildSettings = {
				ASSETCATALOG_COMPILER_APPICON_NAME = AppIcon;
				ASSETCATALOG_COMPILER_GLOBAL_ACCENT_COLOR_NAME = AccentColor;
				CODE_SIGN_STYLE = Automatic;
				CURRENT_PROJECT_VERSION = 1;
				DEVELOPMENT_ASSET_PATHS = "\"App192/Preview Content\"";
				ENABLE_PREVIEWS = YES;
				GENERATE_INFOPLIST_FILE = YES;
				INFOPLIST_FILE = App192/Info.plist;
				INFOPLIST_KEY_CFBundleDisplayName = "Plus Path";
				INFOPLIST_KEY_UIApplicationSceneManifest_Generation = YES;
				INFOPLIST_KEY_UIApplicationSupportsIndirectInputEvents = YES;
				INFOPLIST_KEY_UILaunchScreen_Generation = YES;
				INFOPLIST_KEY_UILaunchStoryboardName = "Launch Screen.storyboard";
				INFOPLIST_KEY_UISupportedInterfaceOrientations = UIInterfaceOrientationPortrait;
				INFOPLIST_KEY_UISupportedInterfaceOrientations_iPad = "UIInterfaceOrientationLandscapeLeft UIInterfaceOrientationLandscapeRight UIInterfaceOrientationPortrait UIInterfaceOrientationPortraitUpsideDown";
				LD_RUNPATH_SEARCH_PATHS = (
					"$(inherited)",
					"@executable_path/Frameworks",
				);
				MARKETING_VERSION = 1.0;
				PRODUCT_BUNDLE_IDENTIFIER = xz.App192;
				PRODUCT_NAME = "$(TARGET_NAME)";
				SUPPORTED_PLATFORMS = "iphoneos iphonesimulator";
				SUPPORTS_MACCATALYST = NO;
				SUPPORTS_MAC_DESIGNED_FOR_IPHONE_IPAD = NO;
				SWIFT_EMIT_LOC_STRINGS = YES;
				SWIFT_VERSION = 5.0;
				TARGETED_DEVICE_FAMILY = 1;
			};
			name = Debug;
		};
		F915D12D2AB47BB100048804 /* Release */ = {
			isa = XCBuildConfiguration;
			buildSettings = {
				ASSETCATALOG_COMPILER_APPICON_NAME = AppIcon;
				ASSETCATALOG_COMPILER_GLOBAL_ACCENT_COLOR_NAME = AccentColor;
				CODE_SIGN_STYLE = Automatic;
				CURRENT_PROJECT_VERSION = 1;
				DEVELOPMENT_ASSET_PATHS = "\"App192/Preview Content\"";
				ENABLE_PREVIEWS = YES;
				GENERATE_INFOPLIST_FILE = YES;
				INFOPLIST_FILE = App192/Info.plist;
				INFOPLIST_KEY_CFBundleDisplayName = "Plus Path";
				INFOPLIST_KEY_UIApplicationSceneManifest_Generation = YES;
				INFOPLIST_KEY_UIApplicationSupportsIndirectInputEvents = YES;
				INFOPLIST_KEY_UILaunchScreen_Generation = YES;
				INFOPLIST_KEY_UILaunchStoryboardName = "Launch Screen.storyboard";
				INFOPLIST_KEY_UISupportedInterfaceOrientations = UIInterfaceOrientationPortrait;
				INFOPLIST_KEY_UISupportedInterfaceOrientations_iPad = "UIInterfaceOrientationLandscapeLeft UIInterfaceOrientationLandscapeRight UIInterfaceOrientationPortrait UIInterfaceOrientationPortraitUpsideDown";
				LD_RUNPATH_SEARCH_PATHS = (
					"$(inherited)",
					"@executable_path/Frameworks",
				);
				MARKETING_VERSION = 1.0;
				PRODUCT_BUNDLE_IDENTIFIER = xz.App192;
				PRODUCT_NAME = "$(TARGET_NAME)";
				SUPPORTED_PLATFORMS = "iphoneos iphonesimulator";
				SUPPORTS_MACCATALYST = NO;
				SUPPORTS_MAC_DESIGNED_FOR_IPHONE_IPAD = NO;
				SWIFT_EMIT_LOC_STRINGS = YES;
				SWIFT_VERSION = 5.0;
				TARGETED_DEVICE_FAMILY = 1;
			};
			name = Release;
		};
/* End XCBuildConfiguration section */

/* Begin XCConfigurationList section */
		F915D1182AB47BB000048804 /* Build configuration list for PBXProject "App192" */ = {
			isa = XCConfigurationList;
			buildConfigurations = (
				F915D1292AB47BB100048804 /* Debug */,
				F915D12A2AB47BB100048804 /* Release */,
			);
			defaultConfigurationIsVisible = 0;
			defaultConfigurationName = Release;
		};
		F915D12B2AB47BB100048804 /* Build configuration list for PBXNativeTarget "App192" */ = {
			isa = XCConfigurationList;
			buildConfigurations = (
				F915D12C2AB47BB100048804 /* Debug */,
				F915D12D2AB47BB100048804 /* Release */,
			);
			defaultConfigurationIsVisible = 0;
			defaultConfigurationName = Release;
		};
/* End XCConfigurationList section */

/* Begin XCRemoteSwiftPackageReference section */
		F915D14B2AB47E3400048804 /* XCRemoteSwiftPackageReference "Alamofire" */ = {
			isa = XCRemoteSwiftPackageReference;
			repositoryURL = "https://github.com/Alamofire/Alamofire.git";
			requirement = {
				kind = upToNextMajorVersion;
				minimumVersion = 5.0.0;
			};
		};
		F915D14E2AB47E3A00048804 /* XCRemoteSwiftPackageReference "Kingfisher" */ = {
			isa = XCRemoteSwiftPackageReference;
			repositoryURL = "https://github.com/onevcat/Kingfisher.git";
			requirement = {
				kind = upToNextMajorVersion;
				minimumVersion = 7.0.0;
			};
		};
		F915D1512AB47E3F00048804 /* XCRemoteSwiftPackageReference "ApphudSDK" */ = {
			isa = XCRemoteSwiftPackageReference;
			repositoryURL = "https://github.com/apphud/ApphudSDK";
			requirement = {
				kind = upToNextMajorVersion;
				minimumVersion = 3.0.0;
			};
		};
		F915D1542AB47E4800048804 /* XCRemoteSwiftPackageReference "Amplitude-iOS" */ = {
			isa = XCRemoteSwiftPackageReference;
			repositoryURL = "https://github.com/amplitude/Amplitude-iOS.git";
			requirement = {
				branch = main;
				kind = branch;
			};
		};
		F9D87DBB2AB63DED00469F10 /* XCRemoteSwiftPackageReference "firebase-ios-sdk" */ = {
			isa = XCRemoteSwiftPackageReference;
			repositoryURL = "https://github.com/firebase/firebase-ios-sdk.git";
			requirement = {
				kind = upToNextMajorVersion;
				minimumVersion = 10.0.0;
			};
		};
/* End XCRemoteSwiftPackageReference section */

/* Begin XCSwiftPackageProductDependency section */
		F915D14C2AB47E3400048804 /* Alamofire */ = {
			isa = XCSwiftPackageProductDependency;
			package = F915D14B2AB47E3400048804 /* XCRemoteSwiftPackageReference "Alamofire" */;
			productName = Alamofire;
		};
		F915D14F2AB47E3A00048804 /* Kingfisher */ = {
			isa = XCSwiftPackageProductDependency;
			package = F915D14E2AB47E3A00048804 /* XCRemoteSwiftPackageReference "Kingfisher" */;
			productName = Kingfisher;
		};
		F915D1522AB47E3F00048804 /* ApphudSDK */ = {
			isa = XCSwiftPackageProductDependency;
			package = F915D1512AB47E3F00048804 /* XCRemoteSwiftPackageReference "ApphudSDK" */;
			productName = ApphudSDK;
		};
		F915D1552AB47E4800048804 /* Amplitude */ = {
			isa = XCSwiftPackageProductDependency;
			package = F915D1542AB47E4800048804 /* XCRemoteSwiftPackageReference "Amplitude-iOS" */;
			productName = Amplitude;
		};
		F9D87DBC2AB63DED00469F10 /* FirebaseRemoteConfigSwift */ = {
			isa = XCSwiftPackageProductDependency;
			package = F9D87DBB2AB63DED00469F10 /* XCRemoteSwiftPackageReference "firebase-ios-sdk" */;
			productName = FirebaseRemoteConfigSwift;
		};
/* End XCSwiftPackageProductDependency section */

/* Begin XCVersionGroup section */
		F915D1752AB48B5900048804 /* LibraryModel.xcdatamodeld */ = {
			isa = XCVersionGroup;
			children = (
				F915D1762AB48B5900048804 /* LibraryModel.xcdatamodel */,
			);
			currentVersion = F915D1762AB48B5900048804 /* LibraryModel.xcdatamodel */;
			path = LibraryModel.xcdatamodeld;
			sourceTree = "<group>";
			versionGroupType = wrapper.xcdatamodel;
		};
/* End XCVersionGroup section */
	};
	rootObject = F915D1152AB47BB000048804 /* Project object */;
}
